{
  "requires": true,
  "lockfileVersion": 1,
  "dependencies": {
    "clipboard-copy": {
      "version": "4.0.1",
      "resolved": "https://registry.npmjs.org/clipboard-copy/-/clipboard-copy-4.0.1.tgz",
      "integrity": "sha512-wOlqdqziE/NNTUJsfSgXmBMIrYmfd5V0HCGsR8uAKHcg+h9NENWINcfRjtWGU77wDHC8B8ijV4hMTGYbrKovng=="
    }
  }
}
